
Microsoft Visual Studio Solution File, Format Version 12.00
# Visual Studio Version 16
VisualStudioVersion = 16.0.29001.49
MinimumVisualStudioVersion = 10.0.40219.1
Project("{FAE04EC0-301F-11D3-BF4B-00C04F79EFBC}") = "GameOracle", "GameOracle.csproj", "{9A09A284-61FB-43A4-A36E-C759853DB7E3}"
EndProject
Global
	GlobalSection(SolutionConfigurationPlatforms) = preSolution
		Debug|Any CPU = Debug|Any CPU
		Release|Any CPU = Release|Any CPU
	EndGlobalSection
	GlobalSection(ProjectConfigurationPlatforms) = postSolution
		{9A09A284-61FB-43A4-A36E-C759853DB7E3}.Debug|Any CPU.ActiveCfg = Debug|Any CPU
		{9A09A284-61FB-43A4-A36E-C759853DB7E3}.Debug|Any CPU.Build.0 = Debug|Any CPU
		{9A09A284-61FB-43A4-A36E-C759853DB7E3}.Release|Any CPU.ActiveCfg = Release|Any CPU
		{9A09A284-61FB-43A4-A36E-C759853DB7E3}.Release|Any CPU.Build.0 = Release|Any CPU
	EndGlobalSection
	GlobalSection(SolutionProperties) = preSolution
		HideSolutionNode = FALSE
	EndGlobalSection
	GlobalSection(ExtensibilityGlobals) = postSolution
		SolutionGuid = {D0BF4127-B47E-4E5F-BED7-F78399591D10}
	EndGlobalSection
EndGlobal
